
Microsoft Visual Studio Solution File, Format Version 12.00
# Visual Studio Version 17
VisualStudioVersion = 17.5.002.0
MinimumVisualStudioVersion = 10.0.40219.1
Project("{9A19103F-16F7-4668-BE54-9A1E7A4F7556}") = "asp.net-core-signalR", "asp.net-core-signalR.csproj", "{A167CF95-FE4A-4962-8577-406AFDC98502}"
EndProject
Global
	GlobalSection(SolutionConfigurationPlatforms) = preSolution
		Debug|Any CPU = Debug|Any CPU
		Release|Any CPU = Release|Any CPU
	EndGlobalSection
	GlobalSection(ProjectConfigurationPlatforms) = postSolution
		{A167CF95-FE4A-4962-8577-406AFDC98502}.Debug|Any CPU.ActiveCfg = Debug|Any CPU
		{A167CF95-FE4A-4962-8577-406AFDC98502}.Debug|Any CPU.Build.0 = Debug|Any CPU
		{A167CF95-FE4A-4962-8577-406AFDC98502}.Release|Any CPU.ActiveCfg = Release|Any CPU
		{A167CF95-FE4A-4962-8577-406AFDC98502}.Release|Any CPU.Build.0 = Release|Any CPU
	EndGlobalSection
	GlobalSection(SolutionProperties) = preSolution
		HideSolutionNode = FALSE
	EndGlobalSection
	GlobalSection(ExtensibilityGlobals) = postSolution
		SolutionGuid = {7E9C4728-8E19-408E-B806-CBF9AC092C02}
	EndGlobalSection
EndGlobal
